
Microsoft Visual Studio Solution File, Format Version 12.00
# Visual Studio Version 16
VisualStudioVersion = 16.0.29926.136
MinimumVisualStudioVersion = 10.0.40219.1
Project("{8BC9CEB8-8B4A-11D0-8D11-00A0C91BC942}") = "ssf", "ssf.vcxproj", "{4C1FAF2F-6A4D-40AF-8ABF-62460300E2C8}"
EndProject
Global
	GlobalSection(SolutionConfigurationPlatforms) = preSolution
		Debug|x64 = Debug|x64
		Debug|x86 = Debug|x86
		Release|x64 = Release|x64
		Release|x86 = Release|x86
	EndGlobalSection
	GlobalSection(ProjectConfigurationPlatforms) = postSolution
		{4C1FAF2F-6A4D-40AF-8ABF-62460300E2C8}.Debug|x64.ActiveCfg = Debug|x64
		{4C1FAF2F-6A4D-40AF-8ABF-62460300E2C8}.Debug|x64.Build.0 = Debug|x64
		{4C1FAF2F-6A4D-40AF-8ABF-62460300E2C8}.Debug|x86.ActiveCfg = Debug|Win32
		{4C1FAF2F-6A4D-40AF-8ABF-62460300E2C8}.Debug|x86.Build.0 = Debug|Win32
		{4C1FAF2F-6A4D-40AF-8ABF-62460300E2C8}.Release|x64.ActiveCfg = Release|x64
		{4C1FAF2F-6A4D-40AF-8ABF-62460300E2C8}.Release|x64.Build.0 = Release|x64
		{4C1FAF2F-6A4D-40AF-8ABF-62460300E2C8}.Release|x86.ActiveCfg = Release|Win32
		{4C1FAF2F-6A4D-40AF-8ABF-62460300E2C8}.Release|x86.Build.0 = Release|Win32
	EndGlobalSection
	GlobalSection(SolutionProperties) = preSolution
		HideSolutionNode = FALSE
	EndGlobalSection
	GlobalSection(ExtensibilityGlobals) = postSolution
		SolutionGuid = {49C89A91-292F-414B-BBEC-820A2AC4755B}
	EndGlobalSection
EndGlobal
